
Microsoft Visual Studio Solution File, Format Version 12.00
# Visual Studio Version 17
VisualStudioVersion = 17.8.34330.188
MinimumVisualStudioVersion = 10.0.40219.1
Project("{FAE04EC0-301F-11D3-BF4B-00C04F79EFBC}") = "NetCoreWebAPIcLientAuth", "NetCoreWebAPIcLientAuth\NetCoreWebAPIcLientAuth.csproj", "{327A6380-3A0B-4BD4-A9B9-8C9325828D1C}"
EndProject
Global
	GlobalSection(SolutionConfigurationPlatforms) = preSolution
		Debug|Any CPU = Debug|Any CPU
		Release|Any CPU = Release|Any CPU
	EndGlobalSection
	GlobalSection(ProjectConfigurationPlatforms) = postSolution
		{327A6380-3A0B-4BD4-A9B9-8C9325828D1C}.Debug|Any CPU.ActiveCfg = Debug|Any CPU
		{327A6380-3A0B-4BD4-A9B9-8C9325828D1C}.Debug|Any CPU.Build.0 = Debug|Any CPU
		{327A6380-3A0B-4BD4-A9B9-8C9325828D1C}.Release|Any CPU.ActiveCfg = Release|Any CPU
		{327A6380-3A0B-4BD4-A9B9-8C9325828D1C}.Release|Any CPU.Build.0 = Release|Any CPU
	EndGlobalSection
	GlobalSection(SolutionProperties) = preSolution
		HideSolutionNode = FALSE
	EndGlobalSection
	GlobalSection(ExtensibilityGlobals) = postSolution
		SolutionGuid = {0743A0BF-C87A-4FEC-BB67-7A4DCD8FCD3C}
	EndGlobalSection
EndGlobal
